{
  "name": "NewProject",
  "lockfileVersion": 3,
  "requires": true,
  "packages": {
    "": {
      "name": "NewProject",
      "dependencies": {
        "@cocos/creator-types": "^3.8.2"
      }
    },
    "node_modules/@cocos/creator-types": {
      "version": "3.8.3",
      "resolved": "https://registry.npmjs.org/@cocos/creator-types/-/creator-types-3.8.3.tgz",
      "integrity": "sha512-dVAgORX+dWzINdM6gGOcgFNbFXUItEv9Dg2DCWWPHN1qMHaqUe1h+hslcIsJK9OxgOcmS6Lh9FZcklfXn5jkOQ=="
    }
  }
}
